
Microsoft Visual Studio Solution File, Format Version 12.00
# Visual Studio Version 17
VisualStudioVersion = 17.5.33516.290
MinimumVisualStudioVersion = 10.0.40219.1
Project("{9A19103F-16F7-4668-BE54-9A1E7A4F7556}") = "Compare_the_Triplets", "Compare_the_Triplets\Compare_the_Triplets\Compare_the_Triplets.csproj", "{BEFF51D6-CA4C-4AB1-848D-433EFBB50C00}"
EndProject
Project("{9A19103F-16F7-4668-BE54-9A1E7A4F7556}") = "A_Very_Big_Sum", "A_Very_Big_Sum\A_Very_Big_Sum\A_Very_Big_Sum.csproj", "{40023249-65EC-493D-AB38-CDB9C163CB83}"
EndProject
Project("{9A19103F-16F7-4668-BE54-9A1E7A4F7556}") = "Diagonal_Difference", "Diagonal_Difference\Diagonal_Difference\Diagonal_Difference.csproj", "{3EF117AD-95D2-4D5D-9026-0C9A11CFAEA9}"
EndProject
Project("{FAE04EC0-301F-11D3-BF4B-00C04F79EFBC}") = "Staircase", "Staircase\Staircase\Staircase.csproj", "{180C0A8B-4A9F-47EC-9C65-4EFA32FF00AB}"
EndProject
Global
	GlobalSection(SolutionConfigurationPlatforms) = preSolution
		Debug|Any CPU = Debug|Any CPU
		Release|Any CPU = Release|Any CPU
	EndGlobalSection
	GlobalSection(ProjectConfigurationPlatforms) = postSolution
		{BEFF51D6-CA4C-4AB1-848D-433EFBB50C00}.Debug|Any CPU.ActiveCfg = Debug|Any CPU
		{BEFF51D6-CA4C-4AB1-848D-433EFBB50C00}.Debug|Any CPU.Build.0 = Debug|Any CPU
		{BEFF51D6-CA4C-4AB1-848D-433EFBB50C00}.Release|Any CPU.ActiveCfg = Release|Any CPU
		{BEFF51D6-CA4C-4AB1-848D-433EFBB50C00}.Release|Any CPU.Build.0 = Release|Any CPU
		{40023249-65EC-493D-AB38-CDB9C163CB83}.Debug|Any CPU.ActiveCfg = Debug|Any CPU
		{40023249-65EC-493D-AB38-CDB9C163CB83}.Debug|Any CPU.Build.0 = Debug|Any CPU
		{40023249-65EC-493D-AB38-CDB9C163CB83}.Release|Any CPU.ActiveCfg = Release|Any CPU
		{40023249-65EC-493D-AB38-CDB9C163CB83}.Release|Any CPU.Build.0 = Release|Any CPU
		{3EF117AD-95D2-4D5D-9026-0C9A11CFAEA9}.Debug|Any CPU.ActiveCfg = Debug|Any CPU
		{3EF117AD-95D2-4D5D-9026-0C9A11CFAEA9}.Debug|Any CPU.Build.0 = Debug|Any CPU
		{3EF117AD-95D2-4D5D-9026-0C9A11CFAEA9}.Release|Any CPU.ActiveCfg = Release|Any CPU
		{3EF117AD-95D2-4D5D-9026-0C9A11CFAEA9}.Release|Any CPU.Build.0 = Release|Any CPU
		{180C0A8B-4A9F-47EC-9C65-4EFA32FF00AB}.Debug|Any CPU.ActiveCfg = Debug|Any CPU
		{180C0A8B-4A9F-47EC-9C65-4EFA32FF00AB}.Debug|Any CPU.Build.0 = Debug|Any CPU
		{180C0A8B-4A9F-47EC-9C65-4EFA32FF00AB}.Release|Any CPU.ActiveCfg = Release|Any CPU
		{180C0A8B-4A9F-47EC-9C65-4EFA32FF00AB}.Release|Any CPU.Build.0 = Release|Any CPU
	EndGlobalSection
	GlobalSection(SolutionProperties) = preSolution
		HideSolutionNode = FALSE
	EndGlobalSection
	GlobalSection(ExtensibilityGlobals) = postSolution
		SolutionGuid = {E51C33CA-E6BE-4C7E-9B8D-FB23F67F7F0C}
	EndGlobalSection
EndGlobal
