
Microsoft Visual Studio Solution File, Format Version 12.00
# Visual Studio Version 17
VisualStudioVersion = 17.5.33516.290
MinimumVisualStudioVersion = 10.0.40219.1
Project("{9A19103F-16F7-4668-BE54-9A1E7A4F7556}") = "Compare_the_Triplets", "Compare_the_Triplets\Compare_the_Triplets\Compare_the_Triplets.csproj", "{BEFF51D6-CA4C-4AB1-848D-433EFBB50C00}"
EndProject
Project("{9A19103F-16F7-4668-BE54-9A1E7A4F7556}") = "A_Very_Big_Sum", "A_Very_Big_Sum\A_Very_Big_Sum\A_Very_Big_Sum.csproj", "{40023249-65EC-493D-AB38-CDB9C163CB83}"
EndProject
Project("{9A19103F-16F7-4668-BE54-9A1E7A4F7556}") = "Diagonal_Difference", "Diagonal_Difference\Diagonal_Difference\Diagonal_Difference.csproj", "{3EF117AD-95D2-4D5D-9026-0C9A11CFAEA9}"
EndProject
Project("{9A19103F-16F7-4668-BE54-9A1E7A4F7556}") = "Staircase", "Staircase\Staircase\Staircase.csproj", "{180C0A8B-4A9F-47EC-9C65-4EFA32FF00AB}"
EndProject
Project("{9A19103F-16F7-4668-BE54-9A1E7A4F7556}") = "Mini-Max_Sum", "Mini-Max_Sum\Mini-Max_Sum\Mini-Max_Sum.csproj", "{2C203E65-53D1-440C-9EAE-D9A4A39C5580}"
EndProject
Project("{9A19103F-16F7-4668-BE54-9A1E7A4F7556}") = "Plus_Minus", "Plus_Minus\Plus_Minus\Plus_Minus.csproj", "{CFFCAFC8-6725-41E7-99A0-11AA1F31A1BD}"
EndProject
Project("{9A19103F-16F7-4668-BE54-9A1E7A4F7556}") = "Birthday_Cake_Candles", "Birthday_Cake_Candles\Birthday_Cake_Candles\Birthday_Cake_Candles.csproj", "{8AC0C47A-3DC9-4D4D-B13B-C93CCCFB8225}"
EndProject
Project("{9A19103F-16F7-4668-BE54-9A1E7A4F7556}") = "Time_Conversion", "Time_Conversion\Time_Conversion\Time_Conversion.csproj", "{B7FA6DAE-8547-4FEC-8128-D45735CE90E4}"
EndProject
Project("{9A19103F-16F7-4668-BE54-9A1E7A4F7556}") = "Grading_Students", "Grading_Students\Grading_Students\Grading_Students.csproj", "{EF3553FB-D40B-4836-A39C-DA6F337B4A6E}"
EndProject
Project("{9A19103F-16F7-4668-BE54-9A1E7A4F7556}") = "Apple_and_Orange", "Apple_and_Orange\Apple_and_Orange\Apple_and_Orange.csproj", "{68F2C588-B48C-420E-B5E0-72BE16516340}"
EndProject
Project("{9A19103F-16F7-4668-BE54-9A1E7A4F7556}") = "Number_Line_Jumps", "Number_Line_Jumps\Number_Line_Jumps\Number_Line_Jumps.csproj", "{CE101F9B-8544-4C36-8E11-5DF8C1C649C0}"
EndProject
Project("{FAE04EC0-301F-11D3-BF4B-00C04F79EFBC}") = "Breaking_the_Records", "Breaking_the_Records\Breaking_the_Records\Breaking_the_Records.csproj", "{F26D267F-2B87-4AB8-B5F8-D0935CE2659D}"
EndProject
Global
	GlobalSection(SolutionConfigurationPlatforms) = preSolution
		Debug|Any CPU = Debug|Any CPU
		Release|Any CPU = Release|Any CPU
	EndGlobalSection
	GlobalSection(ProjectConfigurationPlatforms) = postSolution
		{BEFF51D6-CA4C-4AB1-848D-433EFBB50C00}.Debug|Any CPU.ActiveCfg = Debug|Any CPU
		{BEFF51D6-CA4C-4AB1-848D-433EFBB50C00}.Debug|Any CPU.Build.0 = Debug|Any CPU
		{BEFF51D6-CA4C-4AB1-848D-433EFBB50C00}.Release|Any CPU.ActiveCfg = Release|Any CPU
		{BEFF51D6-CA4C-4AB1-848D-433EFBB50C00}.Release|Any CPU.Build.0 = Release|Any CPU
		{40023249-65EC-493D-AB38-CDB9C163CB83}.Debug|Any CPU.ActiveCfg = Debug|Any CPU
		{40023249-65EC-493D-AB38-CDB9C163CB83}.Debug|Any CPU.Build.0 = Debug|Any CPU
		{40023249-65EC-493D-AB38-CDB9C163CB83}.Release|Any CPU.ActiveCfg = Release|Any CPU
		{40023249-65EC-493D-AB38-CDB9C163CB83}.Release|Any CPU.Build.0 = Release|Any CPU
		{3EF117AD-95D2-4D5D-9026-0C9A11CFAEA9}.Debug|Any CPU.ActiveCfg = Debug|Any CPU
		{3EF117AD-95D2-4D5D-9026-0C9A11CFAEA9}.Debug|Any CPU.Build.0 = Debug|Any CPU
		{3EF117AD-95D2-4D5D-9026-0C9A11CFAEA9}.Release|Any CPU.ActiveCfg = Release|Any CPU
		{3EF117AD-95D2-4D5D-9026-0C9A11CFAEA9}.Release|Any CPU.Build.0 = Release|Any CPU
		{180C0A8B-4A9F-47EC-9C65-4EFA32FF00AB}.Debug|Any CPU.ActiveCfg = Debug|Any CPU
		{180C0A8B-4A9F-47EC-9C65-4EFA32FF00AB}.Debug|Any CPU.Build.0 = Debug|Any CPU
		{180C0A8B-4A9F-47EC-9C65-4EFA32FF00AB}.Release|Any CPU.ActiveCfg = Release|Any CPU
		{180C0A8B-4A9F-47EC-9C65-4EFA32FF00AB}.Release|Any CPU.Build.0 = Release|Any CPU
		{2C203E65-53D1-440C-9EAE-D9A4A39C5580}.Debug|Any CPU.ActiveCfg = Debug|Any CPU
		{2C203E65-53D1-440C-9EAE-D9A4A39C5580}.Debug|Any CPU.Build.0 = Debug|Any CPU
		{2C203E65-53D1-440C-9EAE-D9A4A39C5580}.Release|Any CPU.ActiveCfg = Release|Any CPU
		{2C203E65-53D1-440C-9EAE-D9A4A39C5580}.Release|Any CPU.Build.0 = Release|Any CPU
		{CFFCAFC8-6725-41E7-99A0-11AA1F31A1BD}.Debug|Any CPU.ActiveCfg = Debug|Any CPU
		{CFFCAFC8-6725-41E7-99A0-11AA1F31A1BD}.Debug|Any CPU.Build.0 = Debug|Any CPU
		{CFFCAFC8-6725-41E7-99A0-11AA1F31A1BD}.Release|Any CPU.ActiveCfg = Release|Any CPU
		{CFFCAFC8-6725-41E7-99A0-11AA1F31A1BD}.Release|Any CPU.Build.0 = Release|Any CPU
		{8AC0C47A-3DC9-4D4D-B13B-C93CCCFB8225}.Debug|Any CPU.ActiveCfg = Debug|Any CPU
		{8AC0C47A-3DC9-4D4D-B13B-C93CCCFB8225}.Debug|Any CPU.Build.0 = Debug|Any CPU
		{8AC0C47A-3DC9-4D4D-B13B-C93CCCFB8225}.Release|Any CPU.ActiveCfg = Release|Any CPU
		{8AC0C47A-3DC9-4D4D-B13B-C93CCCFB8225}.Release|Any CPU.Build.0 = Release|Any CPU
		{B7FA6DAE-8547-4FEC-8128-D45735CE90E4}.Debug|Any CPU.ActiveCfg = Debug|Any CPU
		{B7FA6DAE-8547-4FEC-8128-D45735CE90E4}.Debug|Any CPU.Build.0 = Debug|Any CPU
		{B7FA6DAE-8547-4FEC-8128-D45735CE90E4}.Release|Any CPU.ActiveCfg = Release|Any CPU
		{B7FA6DAE-8547-4FEC-8128-D45735CE90E4}.Release|Any CPU.Build.0 = Release|Any CPU
		{EF3553FB-D40B-4836-A39C-DA6F337B4A6E}.Debug|Any CPU.ActiveCfg = Debug|Any CPU
		{EF3553FB-D40B-4836-A39C-DA6F337B4A6E}.Debug|Any CPU.Build.0 = Debug|Any CPU
		{EF3553FB-D40B-4836-A39C-DA6F337B4A6E}.Release|Any CPU.ActiveCfg = Release|Any CPU
		{EF3553FB-D40B-4836-A39C-DA6F337B4A6E}.Release|Any CPU.Build.0 = Release|Any CPU
		{68F2C588-B48C-420E-B5E0-72BE16516340}.Debug|Any CPU.ActiveCfg = Debug|Any CPU
		{68F2C588-B48C-420E-B5E0-72BE16516340}.Debug|Any CPU.Build.0 = Debug|Any CPU
		{68F2C588-B48C-420E-B5E0-72BE16516340}.Release|Any CPU.ActiveCfg = Release|Any CPU
		{68F2C588-B48C-420E-B5E0-72BE16516340}.Release|Any CPU.Build.0 = Release|Any CPU
		{CE101F9B-8544-4C36-8E11-5DF8C1C649C0}.Debug|Any CPU.ActiveCfg = Debug|Any CPU
		{CE101F9B-8544-4C36-8E11-5DF8C1C649C0}.Debug|Any CPU.Build.0 = Debug|Any CPU
		{CE101F9B-8544-4C36-8E11-5DF8C1C649C0}.Release|Any CPU.ActiveCfg = Release|Any CPU
		{CE101F9B-8544-4C36-8E11-5DF8C1C649C0}.Release|Any CPU.Build.0 = Release|Any CPU
		{F26D267F-2B87-4AB8-B5F8-D0935CE2659D}.Debug|Any CPU.ActiveCfg = Debug|Any CPU
		{F26D267F-2B87-4AB8-B5F8-D0935CE2659D}.Debug|Any CPU.Build.0 = Debug|Any CPU
		{F26D267F-2B87-4AB8-B5F8-D0935CE2659D}.Release|Any CPU.ActiveCfg = Release|Any CPU
		{F26D267F-2B87-4AB8-B5F8-D0935CE2659D}.Release|Any CPU.Build.0 = Release|Any CPU
	EndGlobalSection
	GlobalSection(SolutionProperties) = preSolution
		HideSolutionNode = FALSE
	EndGlobalSection
	GlobalSection(ExtensibilityGlobals) = postSolution
		SolutionGuid = {E51C33CA-E6BE-4C7E-9B8D-FB23F67F7F0C}
	EndGlobalSection
EndGlobal
